github.com/go-telegram/bot v1.15.0 h1:/ba5pp084MUhjR5sQDymQ7JNZ001CQa7QjtxLWcuGpg=
github.com/go-telegram/bot v1.15.0/go.mod h1:i2TRs7fXWIeaceF3z7KzsMt/he0TwkVC680mvdTFYeM=
github.com/kelseyhightower/envconfig v1.4.0 h1:Im6hONhd3pLkfDFsbRgu68RDNkGF1r3dvMUtDTo2cv8=
github.com/kelseyhightower/envconfig v1.4.0/go.mod h1:cccZRl6mQpaq41TPp5QxidR+Sa3axMbJDNb//FQX6Gg=
github.com/ollama/ollama v0.6.7 h1:ZpTRa3tmtfXfIpJcxDQjdFcwqAfzdXj7iyin9kqlmpk=
github.com/ollama/ollama v0.6.7/go.mod h1:aio9yQ7nc4uwIbn6S0LkGEPgn8/9bNQLL1nHuH+OcD0=
